Microsoft Visual Studio Solution File, Format Version 12.00
# Visual Studio Version 17
VisualStudioVersion = 17.5.2.0
MinimumVisualStudioVersion = 10.0.40219.1
Project("{FAE04EC0-301F-11D3-BF4B-00C04F79EFBC}") = "dotnet-whisper", "dotnet-whisper.csproj", "{C5861761-F6B0-62BE-62F5-078972D69369}"
EndProject
Global
	GlobalSection(SolutionConfigurationPlatforms) = preSolution
		Debug|Any CPU = Debug|Any CPU
		Release|Any CPU = Release|Any CPU
	EndGlobalSection
	GlobalSection(ProjectConfigurationPlatforms) = postSolution
		{C5861761-F6B0-62BE-62F5-078972D69369}.Debug|Any CPU.ActiveCfg = Debug|Any CPU
		{C5861761-F6B0-62BE-62F5-078972D69369}.Debug|Any CPU.Build.0 = Debug|Any CPU
		{C5861761-F6B0-62BE-62F5-078972D69369}.Release|Any CPU.ActiveCfg = Release|Any CPU
		{C5861761-F6B0-62BE-62F5-078972D69369}.Release|Any CPU.Build.0 = Release|Any CPU
	EndGlobalSection
	GlobalSection(SolutionProperties) = preSolution
		HideSolutionNode = FALSE
	EndGlobalSection
	GlobalSection(ExtensibilityGlobals) = postSolution
		SolutionGuid = {9F465A72-3E83-4ACF-B7FC-F97B314571E8}
	EndGlobalSection
EndGlobal
